
Microsoft Visual Studio Solution File, Format Version 12.00
# Visual Studio Version 16
VisualStudioVersion = 16.0.33328.57
MinimumVisualStudioVersion = 10.0.40219.1
Project("{FAE04EC0-301F-11D3-BF4B-00C04F79EFBC}") = "MapRainDayApp", "MapRainDayApp.csproj", "{4C1F58F5-0710-48C4-A012-B4175F906142}"
EndProject
Global
	GlobalSection(SolutionConfigurationPlatforms) = preSolution
		Debug|Any CPU = Debug|Any CPU
		Release|Any CPU = Release|Any CPU
	EndGlobalSection
	GlobalSection(ProjectConfigurationPlatforms) = postSolution
		{4C1F58F5-0710-48C4-A012-B4175F906142}.Debug|Any CPU.ActiveCfg = Debug|Any CPU
		{4C1F58F5-0710-48C4-A012-B4175F906142}.Debug|Any CPU.Build.0 = Debug|Any CPU
		{4C1F58F5-0710-48C4-A012-B4175F906142}.Release|Any CPU.ActiveCfg = Release|Any CPU
		{4C1F58F5-0710-48C4-A012-B4175F906142}.Release|Any CPU.Build.0 = Release|Any CPU
	EndGlobalSection
	GlobalSection(SolutionProperties) = preSolution
		HideSolutionNode = FALSE
	EndGlobalSection
	GlobalSection(ExtensibilityGlobals) = postSolution
		SolutionGuid = {696C65BA-6A14-4128-8648-78E4C2D33106}
	EndGlobalSection
EndGlobal
