
Microsoft Visual Studio Solution File, Format Version 12.00
# Visual Studio Version 16
VisualStudioVersion = 16.0.33328.57
MinimumVisualStudioVersion = 10.0.40219.1
Project("{FAE04EC0-301F-11D3-BF4B-00C04F79EFBC}") = "WForm_R_and_Python_App", "WForm_R_and_Python_App\WForm_R_and_Python_App.csproj", "{1A2530C3-E31E-47D9-A362-24CC25D9E90E}"
EndProject
Global
	GlobalSection(SolutionConfigurationPlatforms) = preSolution
		Debug|Any CPU = Debug|Any CPU
		Release|Any CPU = Release|Any CPU
	EndGlobalSection
	GlobalSection(ProjectConfigurationPlatforms) = postSolution
		{1A2530C3-E31E-47D9-A362-24CC25D9E90E}.Debug|Any CPU.ActiveCfg = Debug|Any CPU
		{1A2530C3-E31E-47D9-A362-24CC25D9E90E}.Debug|Any CPU.Build.0 = Debug|Any CPU
		{1A2530C3-E31E-47D9-A362-24CC25D9E90E}.Release|Any CPU.ActiveCfg = Release|Any CPU
		{1A2530C3-E31E-47D9-A362-24CC25D9E90E}.Release|Any CPU.Build.0 = Release|Any CPU
	EndGlobalSection
	GlobalSection(SolutionProperties) = preSolution
		HideSolutionNode = FALSE
	EndGlobalSection
	GlobalSection(ExtensibilityGlobals) = postSolution
		SolutionGuid = {463F571A-9284-4947-B702-622839C764CF}
	EndGlobalSection
EndGlobal
