
Microsoft Visual Studio Solution File, Format Version 12.00
# Visual Studio Version 16
VisualStudioVersion = 16.0.33328.57
MinimumVisualStudioVersion = 10.0.40219.1
Project("{FAE04EC0-301F-11D3-BF4B-00C04F79EFBC}") = "WFLogin", "WFLogin\WFLogin.csproj", "{E7E48675-CB27-4E0C-89D9-D45ABA4BFE71}"
EndProject
Global
	GlobalSection(SolutionConfigurationPlatforms) = preSolution
		Debug|Any CPU = Debug|Any CPU
		Release|Any CPU = Release|Any CPU
	EndGlobalSection
	GlobalSection(ProjectConfigurationPlatforms) = postSolution
		{E7E48675-CB27-4E0C-89D9-D45ABA4BFE71}.Debug|Any CPU.ActiveCfg = Debug|Any CPU
		{E7E48675-CB27-4E0C-89D9-D45ABA4BFE71}.Debug|Any CPU.Build.0 = Debug|Any CPU
		{E7E48675-CB27-4E0C-89D9-D45ABA4BFE71}.Release|Any CPU.ActiveCfg = Release|Any CPU
		{E7E48675-CB27-4E0C-89D9-D45ABA4BFE71}.Release|Any CPU.Build.0 = Release|Any CPU
	EndGlobalSection
	GlobalSection(SolutionProperties) = preSolution
		HideSolutionNode = FALSE
	EndGlobalSection
	GlobalSection(ExtensibilityGlobals) = postSolution
		SolutionGuid = {05AA984E-8BAF-437B-8EB3-CD49A8472873}
	EndGlobalSection
EndGlobal
