
Microsoft Visual Studio Solution File, Format Version 12.00
# Visual Studio Version 16
VisualStudioVersion = 16.0.33328.57
MinimumVisualStudioVersion = 10.0.40219.1
Project("{888888A0-9F3D-457C-B088-3A5042F75D52}") = "DSSAT001", "DSSAT001.pyproj", "{8F96D901-550B-4807-8CE2-1CFF5D825315}"
EndProject
Global
	GlobalSection(SolutionConfigurationPlatforms) = preSolution
		Debug|Any CPU = Debug|Any CPU
		Release|Any CPU = Release|Any CPU
	EndGlobalSection
	GlobalSection(ProjectConfigurationPlatforms) = postSolution
		{8F96D901-550B-4807-8CE2-1CFF5D825315}.Debug|Any CPU.ActiveCfg = Debug|Any CPU
		{8F96D901-550B-4807-8CE2-1CFF5D825315}.Release|Any CPU.ActiveCfg = Release|Any CPU
	EndGlobalSection
	GlobalSection(SolutionProperties) = preSolution
		HideSolutionNode = FALSE
	EndGlobalSection
	GlobalSection(ExtensibilityGlobals) = postSolution
		SolutionGuid = {51390DAB-0567-455B-9167-2B12ED942590}
	EndGlobalSection
EndGlobal
