
Microsoft Visual Studio Solution File, Format Version 12.00
# Visual Studio Version 16
VisualStudioVersion = 16.0.33328.57
MinimumVisualStudioVersion = 10.0.40219.1
Project("{FAE04EC0-301F-11D3-BF4B-00C04F79EFBC}") = "RunPythonRApp", "RunPythonRApp\RunPythonRApp.csproj", "{93189E91-F7ED-4DBA-A3DF-B364DAFB757A}"
EndProject
Global
	GlobalSection(SolutionConfigurationPlatforms) = preSolution
		Debug|Any CPU = Debug|Any CPU
		Release|Any CPU = Release|Any CPU
	EndGlobalSection
	GlobalSection(ProjectConfigurationPlatforms) = postSolution
		{93189E91-F7ED-4DBA-A3DF-B364DAFB757A}.Debug|Any CPU.ActiveCfg = Debug|Any CPU
		{93189E91-F7ED-4DBA-A3DF-B364DAFB757A}.Debug|Any CPU.Build.0 = Debug|Any CPU
		{93189E91-F7ED-4DBA-A3DF-B364DAFB757A}.Release|Any CPU.ActiveCfg = Release|Any CPU
		{93189E91-F7ED-4DBA-A3DF-B364DAFB757A}.Release|Any CPU.Build.0 = Release|Any CPU
	EndGlobalSection
	GlobalSection(SolutionProperties) = preSolution
		HideSolutionNode = FALSE
	EndGlobalSection
	GlobalSection(ExtensibilityGlobals) = postSolution
		SolutionGuid = {1DCB5E3E-F33D-4538-BBB2-B0B51DEA33C7}
	EndGlobalSection
EndGlobal
